{
  "requires": true,
  "lockfileVersion": 1,
  "dependencies": {
    "@angular/animations": {
      "version": "9.1.11",
      "resolved": "https://registry.npmjs.org/@angular/animations/-/animations-9.1.11.tgz",
      "integrity": "sha512-VKAExUnEJfo1PDQKagpx2pn+QMZCsPLRiADzTdl4U0VPylK3ALbn4ZNY9UbdwyE2plitz++LkH7sEGGfh+PNrQ=="
    },
    "@angular/cdk": {
      "version": "9.2.4",
      "resolved": "https://registry.npmjs.org/@angular/cdk/-/cdk-9.2.4.tgz",
      "integrity": "sha512-iw2+qHMXHYVC6K/fttHeNHIieSKiTEodVutZoOEcBu9rmRTGbLB26V/CRsfIRmA1RBk+uFYWc6UQZnMC3RdnJQ==",
      "requires": {
        "parse5": "^5.0.0"
      }
    },
    "@angular/material": {
      "version": "9.2.4",
      "resolved": "https://registry.npmjs.org/@angular/material/-/material-9.2.4.tgz",
      "integrity": "sha512-LkoTXE6B0slvMhvfZDdPWaz4yaYLkaAp5VSPunI9pxGsPxzqEV9e210wC1/sjG/76Nk8Ep7/2z9XKac8Q9bMwA=="
    },
    "parse5": {
      "version": "5.1.1",
      "resolved": "https://registry.npmjs.org/parse5/-/parse5-5.1.1.tgz",
      "integrity": "sha512-ugq4DFI0Ptb+WWjAdOK16+u/nHfiIrcE+sh8kZMaM0WllQKLI9rOUq6c2b7cwPkXdzfQESqvoqK6ug7U/Yyzug==",
      "optional": true
    }
  }
}
